
Microsoft Visual Studio Solution File, Format Version 12.00
# Visual Studio Version 16
VisualStudioVersion = 16.0.31515.178
MinimumVisualStudioVersion = 10.0.40219.1
Project("{FAE04EC0-301F-11D3-BF4B-00C04F79EFBC}") = "PaymenttblAPI", "PaymenttblAPI\PaymenttblAPI.csproj", "{920A3818-E340-437F-ADFB-75AFCBE372FB}"
EndProject
Global
	GlobalSection(SolutionConfigurationPlatforms) = preSolution
		Debug|Any CPU = Debug|Any CPU
		Release|Any CPU = Release|Any CPU
	EndGlobalSection
	GlobalSection(ProjectConfigurationPlatforms) = postSolution
		{920A3818-E340-437F-ADFB-75AFCBE372FB}.Debug|Any CPU.ActiveCfg = Debug|Any CPU
		{920A3818-E340-437F-ADFB-75AFCBE372FB}.Debug|Any CPU.Build.0 = Debug|Any CPU
		{920A3818-E340-437F-ADFB-75AFCBE372FB}.Release|Any CPU.ActiveCfg = Release|Any CPU
		{920A3818-E340-437F-ADFB-75AFCBE372FB}.Release|Any CPU.Build.0 = Release|Any CPU
	EndGlobalSection
	GlobalSection(SolutionProperties) = preSolution
		HideSolutionNode = FALSE
	EndGlobalSection
	GlobalSection(ExtensibilityGlobals) = postSolution
		SolutionGuid = {55E8D8D6-203E-4A02-8F01-C50949BB9A0B}
	EndGlobalSection
EndGlobal
